
Microsoft Visual Studio Solution File, Format Version 12.00
# Visual Studio Version 16
VisualStudioVersion = 16.0.32002.261
MinimumVisualStudioVersion = 10.0.40219.1
Project("{FAE04EC0-301F-11D3-BF4B-00C04F79EFBC}") = "Task13", "Task13\Task13.csproj", "{234EA43E-9D3A-4090-8014-27F9D0C953B3}"
EndProject
Global
	GlobalSection(SolutionConfigurationPlatforms) = preSolution
		Debug|Any CPU = Debug|Any CPU
		Release|Any CPU = Release|Any CPU
	EndGlobalSection
	GlobalSection(ProjectConfigurationPlatforms) = postSolution
		{234EA43E-9D3A-4090-8014-27F9D0C953B3}.Debug|Any CPU.ActiveCfg = Debug|Any CPU
		{234EA43E-9D3A-4090-8014-27F9D0C953B3}.Debug|Any CPU.Build.0 = Debug|Any CPU
		{234EA43E-9D3A-4090-8014-27F9D0C953B3}.Release|Any CPU.ActiveCfg = Release|Any CPU
		{234EA43E-9D3A-4090-8014-27F9D0C953B3}.Release|Any CPU.Build.0 = Release|Any CPU
	EndGlobalSection
	GlobalSection(SolutionProperties) = preSolution
		HideSolutionNode = FALSE
	EndGlobalSection
	GlobalSection(ExtensibilityGlobals) = postSolution
		SolutionGuid = {0BC719D9-0F6E-46CE-9F6E-8ED0F3C052F3}
	EndGlobalSection
EndGlobal
