
Microsoft Visual Studio Solution File, Format Version 12.00
# Visual Studio Version 16
VisualStudioVersion = 16.0.32002.261
MinimumVisualStudioVersion = 10.0.40219.1
Project("{FAE04EC0-301F-11D3-BF4B-00C04F79EFBC}") = "Task5", "Task5.csproj", "{FA26D5FE-84D5-4F9E-938C-34DA861ABF9F}"
EndProject
Global
	GlobalSection(SolutionConfigurationPlatforms) = preSolution
		Debug|Any CPU = Debug|Any CPU
		Release|Any CPU = Release|Any CPU
	EndGlobalSection
	GlobalSection(ProjectConfigurationPlatforms) = postSolution
		{FA26D5FE-84D5-4F9E-938C-34DA861ABF9F}.Debug|Any CPU.ActiveCfg = Debug|Any CPU
		{FA26D5FE-84D5-4F9E-938C-34DA861ABF9F}.Debug|Any CPU.Build.0 = Debug|Any CPU
		{FA26D5FE-84D5-4F9E-938C-34DA861ABF9F}.Release|Any CPU.ActiveCfg = Release|Any CPU
		{FA26D5FE-84D5-4F9E-938C-34DA861ABF9F}.Release|Any CPU.Build.0 = Release|Any CPU
	EndGlobalSection
	GlobalSection(SolutionProperties) = preSolution
		HideSolutionNode = FALSE
	EndGlobalSection
	GlobalSection(ExtensibilityGlobals) = postSolution
		SolutionGuid = {28BF932D-5EE3-48EB-B1EF-6DE995FA9E41}
	EndGlobalSection
EndGlobal
